
Microsoft Visual Studio Solution File, Format Version 12.00
# Visual Studio Version 16
VisualStudioVersion = 16.0.28809.33
MinimumVisualStudioVersion = 10.0.40219.1
Project("{FAE04EC0-301F-11D3-BF4B-00C04F79EFBC}") = "CHEJ_XamarinAndroidMySecondApp", "CHEJ_XamarinAndroidMySecondApp\CHEJ_XamarinAndroidMySecondApp.csproj", "{5FC87B18-D3AA-41F5-92FF-6AEE6B0286C6}"
EndProject
Global
	GlobalSection(SolutionConfigurationPlatforms) = preSolution
		Debug|Any CPU = Debug|Any CPU
		Release|Any CPU = Release|Any CPU
	EndGlobalSection
	GlobalSection(ProjectConfigurationPlatforms) = postSolution
		{5FC87B18-D3AA-41F5-92FF-6AEE6B0286C6}.Debug|Any CPU.ActiveCfg = Debug|Any CPU
		{5FC87B18-D3AA-41F5-92FF-6AEE6B0286C6}.Debug|Any CPU.Build.0 = Debug|Any CPU
		{5FC87B18-D3AA-41F5-92FF-6AEE6B0286C6}.Debug|Any CPU.Deploy.0 = Debug|Any CPU
		{5FC87B18-D3AA-41F5-92FF-6AEE6B0286C6}.Release|Any CPU.ActiveCfg = Release|Any CPU
		{5FC87B18-D3AA-41F5-92FF-6AEE6B0286C6}.Release|Any CPU.Build.0 = Release|Any CPU
		{5FC87B18-D3AA-41F5-92FF-6AEE6B0286C6}.Release|Any CPU.Deploy.0 = Release|Any CPU
	EndGlobalSection
	GlobalSection(SolutionProperties) = preSolution
		HideSolutionNode = FALSE
	EndGlobalSection
	GlobalSection(ExtensibilityGlobals) = postSolution
		SolutionGuid = {23205483-8106-4882-9AC5-61A3CF69D38A}
	EndGlobalSection
EndGlobal
